# This file is @generated by PDM.
# It is not intended for manual editing.

[metadata]
groups = ["default"]
strategy = ["inherit_metadata"]
lock_version = "4.5.0"
content_hash = "sha256:cfb4cb63765076d3031e3977ac99acccd8785e2f744b44d35f14c4f09440494f"

[[metadata.targets]]
requires_python = "==3.10.*"

[[package]]
name = "annotated-types"
version = "0.7.0"
requires_python = ">=3.8"
summary = "Reusable constraint types to use with typing.Annotated"
groups = ["default"]
dependencies = [
    "typing-extensions>=4.0.0; python_version < \"3.9\"",
]
files = [
    {file = "annotated_types-0.7.0-py3-none-any.whl", hash = "sha256:1f02e8b43a8fbbc3f3e0d4f0f4bfc8131bcb4eebe8849b8e5c773f3a1c582a53"},
    {file = "annotated_types-0.7.0.tar.gz", hash = "sha256:aff07c09a53a08bc8cfccb9c85b05f1aa9a2a6f23728d790723543408344ce89"},
]

[[package]]
name = "blis"
version = "1.2.0"
requires_python = "<3.13,>=3.6"
summary = "The Blis BLAS-like linear algebra library, as a self-contained C-extension."
groups = ["default"]
dependencies = [
    "numpy<3.0.0,>=1.15.0; python_version < \"3.9\"",
    "numpy<3.0.0,>=1.19.0; python_version >= \"3.9\"",
]
files = [
    {file = "blis-1.2.0-cp310-cp310-macosx_10_9_x86_64.whl", hash = "sha256:76998702acbb782e9bb298a5c446aaa1ed4652dbade853baa6a7a26f7b98105b"},
    {file = "blis-1.2.0-cp310-cp310-macosx_11_0_arm64.whl", hash = "sha256:1c290c1ba6cb5b633abe59b2fb9ae2ea5dcd7508202f65658fe816bb7e129485"},
    {file = "blis-1.2.0-cp310-cp310-manylinux_2_17_i686.manylinux2014_i686.whl", hash = "sha256:cd81489e4b1a4a6bc51f5578795bc9150a2e8b9babead1074ca51398aff51852"},
    {file = "blis-1.2.0-cp310-cp310-manylinux_2_17_x86_64.manylinux2014_x86_64.whl", hash = "sha256:4896cc4c10c9856c9faaf89401dcb87894da06a18b4b986064acd737a6ed3e60"},
    {file = "blis-1.2.0-cp310-cp310-musllinux_1_2_i686.whl", hash = "sha256:60a29dcb1bba49cae70088d480b95042d4fbbe6b380f2f7c9e70b2781dc126dd"},
    {file = "blis-1.2.0-cp310-cp310-musllinux_1_2_x86_64.whl", hash = "sha256:fc1de26073302a3713e487ea85d1ecd0bce204f6b102da498c3cd08528a1d69e"},
    {file = "blis-1.2.0-cp310-cp310-win_amd64.whl", hash = "sha256:cc2aa5ce96f33162779e88add93b5051437f9c2701d24ee0d2dd89da9a9c23b1"},
    {file = "blis-1.2.0.tar.gz", hash = "sha256:f25f99d7f3cad72c86a7499212ee833fb5062d80ad1763a935e0e498bc147c69"},
]

[[package]]
name = "catalogue"
version = "2.0.10"
requires_python = ">=3.6"
summary = "Super lightweight function registries for your library"
groups = ["default"]
dependencies = [
    "typing-extensions>=3.6.4; python_version < \"3.8\"",
    "zipp>=0.5; python_version < \"3.8\"",
]
files = [
    {file = "catalogue-2.0.10-py3-none-any.whl", hash = "sha256:58c2de0020aa90f4a2da7dfad161bf7b3b054c86a5f09fcedc0b2b740c109a9f"},
    {file = "catalogue-2.0.10.tar.gz", hash = "sha256:4f56daa940913d3f09d589c191c74e5a6d51762b3a9e37dd53b7437afd6cda15"},
]

[[package]]
name = "certifi"
version = "2025.1.31"
requires_python = ">=3.6"
summary = "Python package for providing Mozilla's CA Bundle."
groups = ["default"]
files = [
    {file = "certifi-2025.1.31-py3-none-any.whl", hash = "sha256:ca78db4565a652026a4db2bcdf68f2fb589ea80d0be70e03929ed730746b84fe"},
    {file = "certifi-2025.1.31.tar.gz", hash = "sha256:3d5da6925056f6f18f119200434a4780a94263f10d1c21d032a6f6b2baa20651"},
]

[[package]]
name = "charset-normalizer"
version = "3.4.1"
requires_python = ">=3.7"
summary = "The Real First Universal Charset Detector. Open, modern and actively maintained alternative to Chardet."
groups = ["default"]
files = [
    {file = "charset_normalizer-3.4.1-cp310-cp310-macosx_10_9_universal2.whl", hash = "sha256:91b36a978b5ae0ee86c394f5a54d6ef44db1de0815eb43de826d41d21e4af3de"},
    {file = "charset_normalizer-3.4.1-cp310-cp310-manylinux_2_17_aarch64.manylinux2014_aarch64.whl", hash = "sha256:7461baadb4dc00fd9e0acbe254e3d7d2112e7f92ced2adc96e54ef6501c5f176"},
    {file = "charset_normalizer-3.4.1-cp310-cp310-manylinux_2_17_ppc64le.manylinux2014_ppc64le.whl", hash = "sha256:e218488cd232553829be0664c2292d3af2eeeb94b32bea483cf79ac6a694e037"},
    {file = "charset_normalizer-3.4.1-cp310-cp310-manylinux_2_17_s390x.manylinux2014_s390x.whl", hash = "sha256:80ed5e856eb7f30115aaf94e4a08114ccc8813e6ed1b5efa74f9f82e8509858f"},
    {file = "charset_normalizer-3.4.1-cp310-cp310-manylinux_2_17_x86_64.manylinux2014_x86_64.whl", hash = "sha256:b010a7a4fd316c3c484d482922d13044979e78d1861f0e0650423144c616a46a"},
    {file = "charset_normalizer-3.4.1-cp310-cp310-manylinux_2_5_i686.manylinux1_i686.manylinux_2_17_i686.manylinux2014_i686.whl", hash = "sha256:4532bff1b8421fd0a320463030c7520f56a79c9024a4e88f01c537316019005a"},
    {file = "charset_normalizer-3.4.1-cp310-cp310-musllinux_1_2_aarch64.whl", hash = "sha256:d973f03c0cb71c5ed99037b870f2be986c3c05e63622c017ea9816881d2dd247"},
    {file = "charset_normalizer-3.4.1-cp310-cp310-musllinux_1_2_i686.whl", hash = "sha256:3a3bd0dcd373514dcec91c411ddb9632c0d7d92aed7093b8c3bbb6d69ca74408"},
    {file = "charset_normalizer-3.4.1-cp310-cp310-musllinux_1_2_ppc64le.whl", hash = "sha256:d9c3cdf5390dcd29aa8056d13e8e99526cda0305acc038b96b30352aff5ff2bb"},
    {file = "charset_normalizer-3.4.1-cp310-cp310-musllinux_1_2_s390x.whl", hash = "sha256:2bdfe3ac2e1bbe5b59a1a63721eb3b95fc9b6817ae4a46debbb4e11f6232428d"},
    {file = "charset_normalizer-3.4.1-cp310-cp310-musllinux_1_2_x86_64.whl", hash = "sha256:eab677309cdb30d047996b36d34caeda1dc91149e4fdca0b1a039b3f79d9a807"},
    {file = "charset_normalizer-3.4.1-cp310-cp310-win32.whl", hash = "sha256:c0429126cf75e16c4f0ad00ee0eae4242dc652290f940152ca8c75c3a4b6ee8f"},
    {file = "charset_normalizer-3.4.1-cp310-cp310-win_amd64.whl", hash = "sha256:9f0b8b1c6d84c8034a44893aba5e767bf9c7a211e313a9605d9c617d7083829f"},
    {file = "charset_normalizer-3.4.1-py3-none-any.whl", hash = "sha256:d98b1668f06378c6dbefec3b92299716b931cd4e6061f3c875a71ced1780ab85"},
    {file = "charset_normalizer-3.4.1.tar.gz", hash = "sha256:44251f18cd68a75b56585dd00dae26183e102cd5e0f9f1466e6df5da2ed64ea3"},
]

[[package]]
name = "click"
version = "8.1.8"
requires_python = ">=3.7"
summary = "Composable command line interface toolkit"
groups = ["default"]
dependencies = [
    "colorama; platform_system == \"Windows\"",
    "importlib-metadata; python_version < \"3.8\"",
]
files = [
    {file = "click-8.1.8-py3-none-any.whl", hash = "sha256:63c132bbbed01578a06712a2d1f497bb62d9c1c0d329b7903a866228027263b2"},
    {file = "click-8.1.8.tar.gz", hash = "sha256:ed53c9d8990d83c2a27deae68e4ee337473f6330c040a31d4225c9574d16096a"},
]

[[package]]
name = "cloudpathlib"
version = "0.20.0"
requires_python = ">=3.8"
summary = "pathlib-style classes for cloud storage services."
groups = ["default"]
dependencies = [
    "typing-extensions>4; python_version < \"3.11\"",
]
files = [
    {file = "cloudpathlib-0.20.0-py3-none-any.whl", hash = "sha256:7af3bcefbf73392ae7f31c08b3660ec31607f8c01b7f6262d4d73469a845f641"},
    {file = "cloudpathlib-0.20.0.tar.gz", hash = "sha256:f6ef7ca409a510f7ba4639ba50ab3fc5b6dee82d6dff0d7f5715fd0c9ab35891"},
]

[[package]]
name = "colorama"
version = "0.4.6"
requires_python = "!=3.0.*,!=3.1.*,!=3.2.*,!=3.3.*,!=3.4.*,!=3.5.*,!=3.6.*,>=2.7"
summary = "Cross-platform colored terminal text."
groups = ["default"]
marker = "sys_platform == \"win32\" and python_version >= \"3.7\" or platform_system == \"Windows\""
files = [
    {file = "colorama-0.4.6-py2.py3-none-any.whl", hash = "sha256:4f1d9991f5acc0ca119f9d443620b77f9d6b33703e51011c16baf57afb285fc6"},
    {file = "colorama-0.4.6.tar.gz", hash = "sha256:08695f5cb7ed6e0531a20572697297273c47b8cae5a63ffc6d6ed5c201be6e44"},
]

[[package]]
name = "confection"
version = "0.1.5"
requires_python = ">=3.6"
summary = "The sweetest config system for Python"
groups = ["default"]
dependencies = [
    "pydantic!=1.8,!=1.8.1,<3.0.0,>=1.7.4",
    "srsly<3.0.0,>=2.4.0",
    "typing-extensions<5.0.0,>=3.7.4.1; python_version < \"3.8\"",
]
files = [
    {file = "confection-0.1.5-py3-none-any.whl", hash = "sha256:e29d3c3f8eac06b3f77eb9dfb4bf2fc6bcc9622a98ca00a698e3d019c6430b14"},
    {file = "confection-0.1.5.tar.gz", hash = "sha256:8e72dd3ca6bd4f48913cd220f10b8275978e740411654b6e8ca6d7008c590f0e"},
]

[[package]]
name = "cymem"
version = "2.0.11"
summary = "Manage calls to calloc/free through Cython"
groups = ["default"]
files = [
    {file = "cymem-2.0.11-cp310-cp310-macosx_10_9_x86_64.whl", hash = "sha256:1b4dd8f8c2475c7c9948eefa89c790d83134600858d8d43b90276efd8df3882e"},
    {file = "cymem-2.0.11-cp310-cp310-macosx_11_0_arm64.whl", hash = "sha256:d46ba0d2e0f749195297d16f2286b55af7d7c084db2b853fdfccece2c000c5dc"},
    {file = "cymem-2.0.11-cp310-cp310-manylinux_2_17_aarch64.manylinux2014_aarch64.whl", hash = "sha256:739c4336b9d04ce9761851e9260ef77508d4a86ee3060e41302bfb6fa82c37de"},
    {file = "cymem-2.0.11-cp310-cp310-manylinux_2_17_x86_64.manylinux2014_x86_64.whl", hash = "sha256:a69c470c2fb118161f49761f9137384f46723c77078b659bba33858e19e46b49"},
    {file = "cymem-2.0.11-cp310-cp310-musllinux_1_2_aarch64.whl", hash = "sha256:40159f6c92627438de970fd761916e745d70dfd84a7dcc28c1627eb49cee00d8"},
    {file = "cymem-2.0.11-cp310-cp310-musllinux_1_2_x86_64.whl", hash = "sha256:f503f98e6aa333fffbe657a6854f13a9c3de68860795ae21171284213b9c5c09"},
    {file = "cymem-2.0.11-cp310-cp310-win_amd64.whl", hash = "sha256:7f05ed5920cc92d6b958ec5da55bd820d326fe9332b90660e6fa67e3b476ceb1"},
    {file = "cymem-2.0.11.tar.gz", hash = "sha256:efe49a349d4a518be6b6c6b255d4a80f740a341544bde1a807707c058b88d0bd"},
]

[[package]]
name = "idna"
version = "3.10"
requires_python = ">=3.6"
summary = "Internationalized Domain Names in Applications (IDNA)"
groups = ["default"]
files = [
    {file = "idna-3.10-py3-none-any.whl", hash = "sha256:946d195a0d259cbba61165e88e65941f16e9b36ea6ddb97f00452bae8b1287d3"},
    {file = "idna-3.10.tar.gz", hash = "sha256:12f65c9b470abda6dc35cf8e63cc574b1c52b11df2c86030af0ac09b01b13ea9"},
]

[[package]]
name = "jinja2"
version = "3.1.5"
requires_python = ">=3.7"
summary = "A very fast and expressive template engine."
groups = ["default"]
dependencies = [
    "MarkupSafe>=2.0",
]
files = [
    {file = "jinja2-3.1.5-py3-none-any.whl", hash = "sha256:aba0f4dc9ed8013c424088f68a5c226f7d6097ed89b246d7749c2ec4175c6adb"},
    {file = "jinja2-3.1.5.tar.gz", hash = "sha256:8fefff8dc3034e27bb80d67c671eb8a9bc424c0ef4c0826edbff304cceff43bb"},
]

[[package]]
name = "langcodes"
version = "3.5.0"
requires_python = ">=3.9"
summary = "Tools for labeling human languages with IETF language tags"
groups = ["default"]
dependencies = [
    "language-data>=1.2",
]
files = [
    {file = "langcodes-3.5.0-py3-none-any.whl", hash = "sha256:853c69d1a35e0e13da2f427bb68fb2fa4a8f4fb899e0c62ad8df8d073dcfed33"},
    {file = "langcodes-3.5.0.tar.gz", hash = "sha256:1eef8168d07e51e131a2497ffecad4b663f6208e7c3ae3b8dc15c51734a6f801"},
]

[[package]]
name = "language-data"
version = "1.3.0"
summary = "Supplementary data about languages used by the langcodes module"
groups = ["default"]
dependencies = [
    "marisa-trie>=1.1.0",
]
files = [
    {file = "language_data-1.3.0-py3-none-any.whl", hash = "sha256:e2ee943551b5ae5f89cd0e801d1fc3835bb0ef5b7e9c3a4e8e17b2b214548fbf"},
    {file = "language_data-1.3.0.tar.gz", hash = "sha256:7600ef8aa39555145d06c89f0c324bf7dab834ea0b0a439d8243762e3ebad7ec"},
]

[[package]]
name = "marisa-trie"
version = "1.2.1"
requires_python = ">=3.7"
summary = "Static memory-efficient and fast Trie-like structures for Python."
groups = ["default"]
dependencies = [
    "setuptools",
]
files = [
    {file = "marisa_trie-1.2.1-cp310-cp310-macosx_10_9_universal2.whl", hash = "sha256:a2eb41d2f9114d8b7bd66772c237111e00d2bae2260824560eaa0a1e291ce9e8"},
    {file = "marisa_trie-1.2.1-cp310-cp310-macosx_10_9_x86_64.whl", hash = "sha256:9e956e6a46f604b17d570901e66f5214fb6f658c21e5e7665deace236793cef6"},
    {file = "marisa_trie-1.2.1-cp310-cp310-macosx_11_0_arm64.whl", hash = "sha256:bd45142501300e7538b2e544905580918b67b1c82abed1275fe4c682c95635fa"},
    {file = "marisa_trie-1.2.1-cp310-cp310-manylinux_2_17_aarch64.manylinux2014_aarch64.whl", hash = "sha256:a8443d116c612cfd1961fbf76769faf0561a46d8e317315dd13f9d9639ad500c"},
    {file = "marisa_trie-1.2.1-cp310-cp310-manylinux_2_17_x86_64.manylinux2014_x86_64.whl", hash = "sha256:875a6248e60fbb48d947b574ffa4170f34981f9e579bde960d0f9a49ea393ecc"},
    {file = "marisa_trie-1.2.1-cp310-cp310-manylinux_2_5_i686.manylinux1_i686.manylinux_2_17_i686.manylinux2014_i686.whl", hash = "sha256:746a7c60a17fccd3cfcfd4326926f02ea4fcdfc25d513411a0c4fc8e4a1ca51f"},
    {file = "marisa_trie-1.2.1-cp310-cp310-musllinux_1_2_aarch64.whl", hash = "sha256:e70869737cc0e5bd903f620667da6c330d6737048d1f44db792a6af68a1d35be"},
    {file = "marisa_trie-1.2.1-cp310-cp310-musllinux_1_2_i686.whl", hash = "sha256:06b099dd743676dbcd8abd8465ceac8f6d97d8bfaabe2c83b965495523b4cef2"},
    {file = "marisa_trie-1.2.1-cp310-cp310-musllinux_1_2_x86_64.whl", hash = "sha256:d2a82eb21afdaf22b50d9b996472305c05ca67fc4ff5a026a220320c9c961db6"},
    {file = "marisa_trie-1.2.1-cp310-cp310-win32.whl", hash = "sha256:8951e7ce5d3167fbd085703b4cbb3f47948ed66826bef9a2173c379508776cf5"},
    {file = "marisa_trie-1.2.1-cp310-cp310-win_amd64.whl", hash = "sha256:5685a14b3099b1422c4f59fa38b0bf4b5342ee6cc38ae57df9666a0b28eeaad3"},
    {file = "marisa_trie-1.2.1.tar.gz", hash = "sha256:3a27c408e2aefc03e0f1d25b2ff2afb85aac3568f6fa2ae2a53b57a2e87ce29d"},
]

[[package]]
name = "markdown-it-py"
version = "3.0.0"
requires_python = ">=3.8"
summary = "Python port of markdown-it. Markdown parsing, done right!"
groups = ["default"]
dependencies = [
    "mdurl~=0.1",
]
files = [
    {file = "markdown-it-py-3.0.0.tar.gz", hash = "sha256:e3f60a94fa066dc52ec76661e37c851cb232d92f9886b15cb560aaada2df8feb"},
    {file = "markdown_it_py-3.0.0-py3-none-any.whl", hash = "sha256:355216845c60bd96232cd8d8c40e8f9765cc86f46880e43a8fd22dc1a1a8cab1"},
]

[[package]]
name = "markupsafe"
version = "3.0.2"
requires_python = ">=3.9"
summary = "Safely add untrusted strings to HTML/XML markup."
groups = ["default"]
files = [
    {file = "MarkupSafe-3.0.2-cp310-cp310-macosx_10_9_universal2.whl", hash = "sha256:7e94c425039cde14257288fd61dcfb01963e658efbc0ff54f5306b06054700f8"},
    {file = "MarkupSafe-3.0.2-cp310-cp310-macosx_11_0_arm64.whl", hash = "sha256:9e2d922824181480953426608b81967de705c3cef4d1af983af849d7bd619158"},
    {file = "MarkupSafe-3.0.2-cp310-cp310-manylinux_2_17_aarch64.manylinux2014_aarch64.whl", hash = "sha256:38a9ef736c01fccdd6600705b09dc574584b89bea478200c5fbf112a6b0d5579"},
    {file = "MarkupSafe-3.0.2-cp310-cp310-manylinux_2_17_x86_64.manylinux2014_x86_64.whl", hash = "sha256:bbcb445fa71794da8f178f0f6d66789a28d7319071af7a496d4d507ed566270d"},
    {file = "MarkupSafe-3.0.2-cp310-cp310-manylinux_2_5_i686.manylinux1_i686.manylinux_2_17_i686.manylinux2014_i686.whl", hash = "sha256:57cb5a3cf367aeb1d316576250f65edec5bb3be939e9247ae594b4bcbc317dfb"},
    {file = "MarkupSafe-3.0.2-cp310-cp310-musllinux_1_2_aarch64.whl", hash = "sha256:3809ede931876f5b2ec92eef964286840ed3540dadf803dd570c3b7e13141a3b"},
    {file = "MarkupSafe-3.0.2-cp310-cp310-musllinux_1_2_i686.whl", hash = "sha256:e07c3764494e3776c602c1e78e298937c3315ccc9043ead7e685b7f2b8d47b3c"},
    {file = "MarkupSafe-3.0.2-cp310-cp310-musllinux_1_2_x86_64.whl", hash = "sha256:b424c77b206d63d500bcb69fa55ed8d0e6a3774056bdc4839fc9298a7edca171"},
    {file = "MarkupSafe-3.0.2-cp310-cp310-win32.whl", hash = "sha256:fcabf5ff6eea076f859677f5f0b6b5c1a51e70a376b0579e0eadef8db48c6b50"},
    {file = "MarkupSafe-3.0.2-cp310-cp310-win_amd64.whl", hash = "sha256:6af100e168aa82a50e186c82875a5893c5597a0c1ccdb0d8b40240b1f28b969a"},
    {file = "markupsafe-3.0.2.tar.gz", hash = "sha256:ee55d3edf80167e48ea11a923c7386f4669df67d7994554387f84e7d8b0a2bf0"},
]

[[package]]
name = "mdurl"
version = "0.1.2"
requires_python = ">=3.7"
summary = "Markdown URL utilities"
groups = ["default"]
files = [
    {file = "mdurl-0.1.2-py3-none-any.whl", hash = "sha256:84008a41e51615a49fc9966191ff91509e3c40b939176e643fd50a5c2196b8f8"},
    {file = "mdurl-0.1.2.tar.gz", hash = "sha256:bb413d29f5eea38f31dd4754dd7377d4465116fb207585f97bf925588687c1ba"},
]

[[package]]
name = "murmurhash"
version = "1.0.12"
requires_python = ">=3.6"
summary = "Cython bindings for MurmurHash"
groups = ["default"]
files = [
    {file = "murmurhash-1.0.12-cp310-cp310-macosx_10_9_x86_64.whl", hash = "sha256:a3f492bbf6f879b6eaf9da4be7471f4b68a3e3ae525aac0f35c2ae27ec91265c"},
    {file = "murmurhash-1.0.12-cp310-cp310-macosx_11_0_arm64.whl", hash = "sha256:3493e0c10a64fa72026af2ea2271d8b3511a438de3c6a771b7a57771611b9c08"},
    {file = "murmurhash-1.0.12-cp310-cp310-manylinux_2_17_aarch64.manylinux2014_aarch64.whl", hash = "sha256:95989ddbb187b9934e5b0e7f450793a445814b6c293a7bf92df56913c3a87c1e"},
    {file = "murmurhash-1.0.12-cp310-cp310-manylinux_2_5_x86_64.manylinux1_x86_64.manylinux_2_17_x86_64.manylinux2014_x86_64.whl", hash = "sha256:2efef9f9aad98ec915a830f0c53d14ce6807ccc6e14fd2966565ef0b71cfa086"},
    {file = "murmurhash-1.0.12-cp310-cp310-musllinux_1_2_aarch64.whl", hash = "sha256:b3147d171a5e5d2953b5eead21d15ea59b424844b4504a692c4b9629191148ed"},
    {file = "murmurhash-1.0.12-cp310-cp310-musllinux_1_2_x86_64.whl", hash = "sha256:736c869bef5023540dde52a9338085ac823eda3f09591ba1b4ed2c09c8b378db"},
    {file = "murmurhash-1.0.12-cp310-cp310-win_amd64.whl", hash = "sha256:b81feb5bfd13bce638ccf910c685b04ad0537635918d04c83b291ce0441776da"},
    {file = "murmurhash-1.0.12.tar.gz", hash = "sha256:467b7ee31c1f79f46d00436a1957fc52a0e5801369dd2f30eb7655f380735b5f"},
]

[[package]]
name = "numpy"
version = "2.2.3"
requires_python = ">=3.10"
summary = "Fundamental package for array computing in Python"
groups = ["default"]
files = [
    {file = "numpy-2.2.3-cp310-cp310-macosx_10_9_x86_64.whl", hash = "sha256:cbc6472e01952d3d1b2772b720428f8b90e2deea8344e854df22b0618e9cce71"},
    {file = "numpy-2.2.3-cp310-cp310-macosx_11_0_arm64.whl", hash = "sha256:cdfe0c22692a30cd830c0755746473ae66c4a8f2e7bd508b35fb3b6a0813d787"},
    {file = "numpy-2.2.3-cp310-cp310-macosx_14_0_arm64.whl", hash = "sha256:e37242f5324ffd9f7ba5acf96d774f9276aa62a966c0bad8dae692deebec7716"},
    {file = "numpy-2.2.3-cp310-cp310-macosx_14_0_x86_64.whl", hash = "sha256:95172a21038c9b423e68be78fd0be6e1b97674cde269b76fe269a5dfa6fadf0b"},
    {file = "numpy-2.2.3-cp310-cp310-manylinux_2_17_aarch64.manylinux2014_aarch64.whl", hash = "sha256:d5b47c440210c5d1d67e1cf434124e0b5c395eee1f5806fdd89b553ed1acd0a3"},
    {file = "numpy-2.2.3-cp310-cp310-manylinux_2_17_x86_64.manylinux2014_x86_64.whl", hash = "sha256:0391ea3622f5c51a2e29708877d56e3d276827ac5447d7f45e9bc4ade8923c52"},
    {file = "numpy-2.2.3-cp310-cp310-musllinux_1_2_aarch64.whl", hash = "sha256:f6b3dfc7661f8842babd8ea07e9897fe3d9b69a1d7e5fbb743e4160f9387833b"},
    {file = "numpy-2.2.3-cp310-cp310-musllinux_1_2_x86_64.whl", hash = "sha256:1ad78ce7f18ce4e7df1b2ea4019b5817a2f6a8a16e34ff2775f646adce0a5027"},
    {file = "numpy-2.2.3-cp310-cp310-win32.whl", hash = "sha256:5ebeb7ef54a7be11044c33a17b2624abe4307a75893c001a4800857956b41094"},
    {file = "numpy-2.2.3-cp310-cp310-win_amd64.whl", hash = "sha256:596140185c7fa113563c67c2e894eabe0daea18cf8e33851738c19f70ce86aeb"},
    {file = "numpy-2.2.3-pp310-pypy310_pp73-macosx_10_15_x86_64.whl", hash = "sha256:3c2ec8a0f51d60f1e9c0c5ab116b7fc104b165ada3f6c58abf881cb2eb16044d"},
    {file = "numpy-2.2.3-pp310-pypy310_pp73-macosx_14_0_x86_64.whl", hash = "sha256:ed2cf9ed4e8ebc3b754d398cba12f24359f018b416c380f577bbae112ca52fc9"},
    {file = "numpy-2.2.3-pp310-pypy310_pp73-manylinux_2_17_x86_64.manylinux2014_x86_64.whl", hash = "sha256:39261798d208c3095ae4f7bc8eaeb3481ea8c6e03dc48028057d3cbdbdb8937e"},
    {file = "numpy-2.2.3-pp310-pypy310_pp73-win_amd64.whl", hash = "sha256:783145835458e60fa97afac25d511d00a1eca94d4a8f3ace9fe2043003c678e4"},
    {file = "numpy-2.2.3.tar.gz", hash = "sha256:dbdc15f0c81611925f382dfa97b3bd0bc2c1ce19d4fe50482cb0ddc12ba30020"},
]

[[package]]
name = "packaging"
version = "24.2"
requires_python = ">=3.8"
summary = "Core utilities for Python packages"
groups = ["default"]
files = [
    {file = "packaging-24.2-py3-none-any.whl", hash = "sha256:09abb1bccd265c01f4a3aa3f7a7db064b36514d2cba19a2f694fe6150451a759"},
    {file = "packaging-24.2.tar.gz", hash = "sha256:c228a6dc5e932d346bc5739379109d49e8853dd8223571c7c5b55260edc0b97f"},
]

[[package]]
name = "pandas"
version = "2.2.3"
requires_python = ">=3.9"
summary = "Powerful data structures for data analysis, time series, and statistics"
groups = ["default"]
dependencies = [
    "numpy>=1.22.4; python_version < \"3.11\"",
    "numpy>=1.23.2; python_version == \"3.11\"",
    "numpy>=1.26.0; python_version >= \"3.12\"",
    "python-dateutil>=2.8.2",
    "pytz>=2020.1",
    "tzdata>=2022.7",
]
files = [
    {file = "pandas-2.2.3-cp310-cp310-macosx_10_9_x86_64.whl", hash = "sha256:1948ddde24197a0f7add2bdc4ca83bf2b1ef84a1bc8ccffd95eda17fd836ecb5"},
    {file = "pandas-2.2.3-cp310-cp310-macosx_11_0_arm64.whl", hash = "sha256:381175499d3802cde0eabbaf6324cce0c4f5d52ca6f8c377c29ad442f50f6348"},
    {file = "pandas-2.2.3-cp310-cp310-manylinux2014_aarch64.manylinux_2_17_aarch64.whl", hash = "sha256:d9c45366def9a3dd85a6454c0e7908f2b3b8e9c138f5dc38fed7ce720d8453ed"},
    {file = "pandas-2.2.3-cp310-cp310-manylinux_2_17_x86_64.manylinux2014_x86_64.whl", hash = "sha256:86976a1c5b25ae3f8ccae3a5306e443569ee3c3faf444dfd0f41cda24667ad57"},
    {file = "pandas-2.2.3-cp310-cp310-musllinux_1_2_aarch64.whl", hash = "sha256:b8661b0238a69d7aafe156b7fa86c44b881387509653fdf857bebc5e4008ad42"},
    {file = "pandas-2.2.3-cp310-cp310-musllinux_1_2_x86_64.whl", hash = "sha256:37e0aced3e8f539eccf2e099f65cdb9c8aa85109b0be6e93e2baff94264bdc6f"},
    {file = "pandas-2.2.3-cp310-cp310-win_amd64.whl", hash = "sha256:56534ce0746a58afaf7942ba4863e0ef81c9c50d3f0ae93e9497d6a41a057645"},
    {file = "pandas-2.2.3.tar.gz", hash = "sha256:4f18ba62b61d7e192368b84517265a99b4d7ee8912f8708660fb4a366cc82667"},
]

[[package]]
name = "preshed"
version = "3.0.9"
requires_python = ">=3.6"
summary = "Cython hash table that trusts the keys are pre-hashed"
groups = ["default"]
dependencies = [
    "cymem<2.1.0,>=2.0.2",
    "murmurhash<1.1.0,>=0.28.0",
]
files = [
    {file = "preshed-3.0.9-cp310-cp310-macosx_10_9_x86_64.whl", hash = "sha256:4f96ef4caf9847b2bb9868574dcbe2496f974e41c2b83d6621c24fb4c3fc57e3"},
    {file = "preshed-3.0.9-cp310-cp310-macosx_11_0_arm64.whl", hash = "sha256:a61302cf8bd30568631adcdaf9e6b21d40491bd89ba8ebf67324f98b6c2a2c05"},
    {file = "preshed-3.0.9-cp310-cp310-manylinux_2_17_aarch64.manylinux2014_aarch64.whl", hash = "sha256:99499e8a58f58949d3f591295a97bca4e197066049c96f5d34944dd21a497193"},
    {file = "preshed-3.0.9-cp310-cp310-manylinux_2_5_x86_64.manylinux1_x86_64.manylinux_2_17_x86_64.manylinux2014_x86_64.whl", hash = "sha256:ea6b6566997dc3acd8c6ee11a89539ac85c77275b4dcefb2dc746d11053a5af8"},
    {file = "preshed-3.0.9-cp310-cp310-win_amd64.whl", hash = "sha256:bfd523085a84b1338ff18f61538e1cfcdedc4b9e76002589a301c364d19a2e36"},
    {file = "preshed-3.0.9.tar.gz", hash = "sha256:721863c5244ffcd2651ad0928951a2c7c77b102f4e11a251ad85d37ee7621660"},
]

[[package]]
name = "pydantic"
version = "2.10.6"
requires_python = ">=3.8"
summary = "Data validation using Python type hints"
groups = ["default"]
dependencies = [
    "annotated-types>=0.6.0",
    "pydantic-core==2.27.2",
    "typing-extensions>=4.12.2",
]
files = [
    {file = "pydantic-2.10.6-py3-none-any.whl", hash = "sha256:427d664bf0b8a2b34ff5dd0f5a18df00591adcee7198fbd71981054cef37b584"},
    {file = "pydantic-2.10.6.tar.gz", hash = "sha256:ca5daa827cce33de7a42be142548b0096bf05a7e7b365aebfa5f8eeec7128236"},
]

[[package]]
name = "pydantic-core"
version = "2.27.2"
requires_python = ">=3.8"
summary = "Core functionality for Pydantic validation and serialization"
groups = ["default"]
dependencies = [
    "typing-extensions!=4.7.0,>=4.6.0",
]
files = [
    {file = "pydantic_core-2.27.2-cp310-cp310-macosx_10_12_x86_64.whl", hash = "sha256:2d367ca20b2f14095a8f4fa1210f5a7b78b8a20009ecced6b12818f455b1e9fa"},
    {file = "pydantic_core-2.27.2-cp310-cp310-macosx_11_0_arm64.whl", hash = "sha256:491a2b73db93fab69731eaee494f320faa4e093dbed776be1a829c2eb222c34c"},
    {file = "pydantic_core-2.27.2-cp310-cp310-manylinux_2_17_aarch64.manylinux2014_aarch64.whl", hash = "sha256:7969e133a6f183be60e9f6f56bfae753585680f3b7307a8e555a948d443cc05a"},
    {file = "pydantic_core-2.27.2-cp310-cp310-manylinux_2_17_armv7l.manylinux2014_armv7l.whl", hash = "sha256:3de9961f2a346257caf0aa508a4da705467f53778e9ef6fe744c038119737ef5"},
    {file = "pydantic_core-2.27.2-cp310-cp310-manylinux_2_17_ppc64le.manylinux2014_ppc64le.whl", hash = "sha256:e2bb4d3e5873c37bb3dd58714d4cd0b0e6238cebc4177ac8fe878f8b3aa8e74c"},
    {file = "pydantic_core-2.27.2-cp310-cp310-manylinux_2_17_s390x.manylinux2014_s390x.whl", hash = "sha256:280d219beebb0752699480fe8f1dc61ab6615c2046d76b7ab7ee38858de0a4e7"},
    {file = "pydantic_core-2.27.2-cp310-cp310-manylinux_2_17_x86_64.manylinux2014_x86_64.whl", hash = "sha256:47956ae78b6422cbd46f772f1746799cbb862de838fd8d1fbd34a82e05b0983a"},
    {file = "pydantic_core-2.27.2-cp310-cp310-manylinux_2_5_i686.manylinux1_i686.whl", hash = "sha256:14d4a5c49d2f009d62a2a7140d3064f686d17a5d1a268bc641954ba181880236"},
    {file = "pydantic_core-2.27.2-cp310-cp310-musllinux_1_1_aarch64.whl", hash = "sha256:337b443af21d488716f8d0b6164de833e788aa6bd7e3a39c005febc1284f4962"},
    {file = "pydantic_core-2.27.2-cp310-cp310-musllinux_1_1_armv7l.whl", hash = "sha256:03d0f86ea3184a12f41a2d23f7ccb79cdb5a18e06993f8a45baa8dfec746f0e9"},
    {file = "pydantic_core-2.27.2-cp310-cp310-musllinux_1_1_x86_64.whl", hash = "sha256:7041c36f5680c6e0f08d922aed302e98b3745d97fe1589db0a3eebf6624523af"},
    {file = "pydantic_core-2.27.2-cp310-cp310-win32.whl", hash = "sha256:50a68f3e3819077be2c98110c1f9dcb3817e93f267ba80a2c05bb4f8799e2ff4"},
    {file = "pydantic_core-2.27.2-cp310-cp310-win_amd64.whl", hash = "sha256:e0fd26b16394ead34a424eecf8a31a1f5137094cabe84a1bcb10fa6ba39d3d31"},
    {file = "pydantic_core-2.27.2-pp310-pypy310_pp73-macosx_10_12_x86_64.whl", hash = "sha256:2bf14caea37e91198329b828eae1618c068dfb8ef17bb33287a7ad4b61ac314e"},
    {file = "pydantic_core-2.27.2-pp310-pypy310_pp73-macosx_11_0_arm64.whl", hash = "sha256:b0cb791f5b45307caae8810c2023a184c74605ec3bcbb67d13846c28ff731ff8"},
    {file = "pydantic_core-2.27.2-pp310-pypy310_pp73-manylinux_2_17_aarch64.manylinux2014_aarch64.whl", hash = "sha256:688d3fd9fcb71f41c4c015c023d12a79d1c4c0732ec9eb35d96e3388a120dcf3"},
    {file = "pydantic_core-2.27.2-pp310-pypy310_pp73-manylinux_2_17_x86_64.manylinux2014_x86_64.whl", hash = "sha256:3d591580c34f4d731592f0e9fe40f9cc1b430d297eecc70b962e93c5c668f15f"},
    {file = "pydantic_core-2.27.2-pp310-pypy310_pp73-manylinux_2_5_i686.manylinux1_i686.whl", hash = "sha256:82f986faf4e644ffc189a7f1aafc86e46ef70372bb153e7001e8afccc6e54133"},
    {file = "pydantic_core-2.27.2-pp310-pypy310_pp73-musllinux_1_1_aarch64.whl", hash = "sha256:bec317a27290e2537f922639cafd54990551725fc844249e64c523301d0822fc"},
    {file = "pydantic_core-2.27.2-pp310-pypy310_pp73-musllinux_1_1_armv7l.whl", hash = "sha256:0296abcb83a797db256b773f45773da397da75a08f5fcaef41f2044adec05f50"},
    {file = "pydantic_core-2.27.2-pp310-pypy310_pp73-musllinux_1_1_x86_64.whl", hash = "sha256:0d75070718e369e452075a6017fbf187f788e17ed67a3abd47fa934d001863d9"},
    {file = "pydantic_core-2.27.2-pp310-pypy310_pp73-win_amd64.whl", hash = "sha256:7e17b560be3c98a8e3aa66ce828bdebb9e9ac6ad5466fba92eb74c4c95cb1151"},
    {file = "pydantic_core-2.27.2.tar.gz", hash = "sha256:eb026e5a4c1fee05726072337ff51d1efb6f59090b7da90d30ea58625b1ffb39"},
]

[[package]]
name = "pygments"
version = "2.19.1"
requires_python = ">=3.8"
summary = "Pygments is a syntax highlighting package written in Python."
groups = ["default"]
files = [
    {file = "pygments-2.19.1-py3-none-any.whl", hash = "sha256:9ea1544ad55cecf4b8242fab6dd35a93bbce657034b0611ee383099054ab6d8c"},
    {file = "pygments-2.19.1.tar.gz", hash = "sha256:61c16d2a8576dc0649d9f39e089b5f02bcd27fba10d8fb4dcc28173f7a45151f"},
]

[[package]]
name = "pymystem3"
version = "0.2.0"
summary = "Python wrapper for the Yandex MyStem 3.1 morpholocial analyzer of the Russian language."
groups = ["default"]
dependencies = [
    "requests",
]
files = [
    {file = "pymystem3-0.2.0-py3-none-any.whl", hash = "sha256:0bfdb0c2c57157f413c85f3e5f54a41f294880c3d6e8028066e71598ee6b52aa"},
    {file = "pymystem3-0.2.0.tar.gz", hash = "sha256:1aaed6a15451cc73f5750bcda77559e681215e1e391b35dd4325bd132a3afb95"},
]

[[package]]
name = "python-dateutil"
version = "2.9.0.post0"
requires_python = "!=3.0.*,!=3.1.*,!=3.2.*,>=2.7"
summary = "Extensions to the standard Python datetime module"
groups = ["default"]
dependencies = [
    "six>=1.5",
]
files = [
    {file = "python-dateutil-2.9.0.post0.tar.gz", hash = "sha256:37dd54208da7e1cd875388217d5e00ebd4179249f90fb72437e91a35459a0ad3"},
    {file = "python_dateutil-2.9.0.post0-py2.py3-none-any.whl", hash = "sha256:a8b2bc7bffae282281c8140a97d3aa9c14da0b136dfe83f850eea9a5f7470427"},
]

[[package]]
name = "pytz"
version = "2025.1"
summary = "World timezone definitions, modern and historical"
groups = ["default"]
files = [
    {file = "pytz-2025.1-py2.py3-none-any.whl", hash = "sha256:89dd22dca55b46eac6eda23b2d72721bf1bdfef212645d81513ef5d03038de57"},
    {file = "pytz-2025.1.tar.gz", hash = "sha256:c2db42be2a2518b28e65f9207c4d05e6ff547d1efa4086469ef855e4ab70178e"},
]

[[package]]
name = "requests"
version = "2.32.3"
requires_python = ">=3.8"
summary = "Python HTTP for Humans."
groups = ["default"]
dependencies = [
    "certifi>=2017.4.17",
    "charset-normalizer<4,>=2",
    "idna<4,>=2.5",
    "urllib3<3,>=1.21.1",
]
files = [
    {file = "requests-2.32.3-py3-none-any.whl", hash = "sha256:70761cfe03c773ceb22aa2f671b4757976145175cdfca038c02654d061d6dcc6"},
    {file = "requests-2.32.3.tar.gz", hash = "sha256:55365417734eb18255590a9ff9eb97e9e1da868d4ccd6402399eaf68af20a760"},
]

[[package]]
name = "rich"
version = "13.9.4"
requires_python = ">=3.8.0"
summary = "Render rich text, tables, progress bars, syntax highlighting, markdown and more to the terminal"
groups = ["default"]
dependencies = [
    "markdown-it-py>=2.2.0",
    "pygments<3.0.0,>=2.13.0",
    "typing-extensions<5.0,>=4.0.0; python_version < \"3.11\"",
]
files = [
    {file = "rich-13.9.4-py3-none-any.whl", hash = "sha256:6049d5e6ec054bf2779ab3358186963bac2ea89175919d699e378b99738c2a90"},
    {file = "rich-13.9.4.tar.gz", hash = "sha256:439594978a49a09530cff7ebc4b5c7103ef57baf48d5ea3184f21d9a2befa098"},
]

[[package]]
name = "setuptools"
version = "75.8.0"
requires_python = ">=3.9"
summary = "Easily download, build, install, upgrade, and uninstall Python packages"
groups = ["default"]
files = [
    {file = "setuptools-75.8.0-py3-none-any.whl", hash = "sha256:e3982f444617239225d675215d51f6ba05f845d4eec313da4418fdbb56fb27e3"},
    {file = "setuptools-75.8.0.tar.gz", hash = "sha256:c5afc8f407c626b8313a86e10311dd3f661c6cd9c09d4bf8c15c0e11f9f2b0e6"},
]

[[package]]
name = "shellingham"
version = "1.5.4"
requires_python = ">=3.7"
summary = "Tool to Detect Surrounding Shell"
groups = ["default"]
files = [
    {file = "shellingham-1.5.4-py2.py3-none-any.whl", hash = "sha256:7ecfff8f2fd72616f7481040475a65b2bf8af90a56c89140852d1120324e8686"},
    {file = "shellingham-1.5.4.tar.gz", hash = "sha256:8dbca0739d487e5bd35ab3ca4b36e11c4078f3a234bfce294b0a0291363404de"},
]

[[package]]
name = "six"
version = "1.17.0"
requires_python = "!=3.0.*,!=3.1.*,!=3.2.*,>=2.7"
summary = "Python 2 and 3 compatibility utilities"
groups = ["default"]
files = [
    {file = "six-1.17.0-py2.py3-none-any.whl", hash = "sha256:4721f391ed90541fddacab5acf947aa0d3dc7d27b2e1e8eda2be8970586c3274"},
    {file = "six-1.17.0.tar.gz", hash = "sha256:ff70335d468e7eb6ec65b95b99d3a2836546063f63acc5171de367e834932a81"},
]

[[package]]
name = "smart-open"
version = "7.1.0"
requires_python = "<4.0,>=3.7"
summary = "Utils for streaming large files (S3, HDFS, GCS, Azure Blob Storage, gzip, bz2...)"
groups = ["default"]
dependencies = [
    "wrapt",
]
files = [
    {file = "smart_open-7.1.0-py3-none-any.whl", hash = "sha256:4b8489bb6058196258bafe901730c7db0dcf4f083f316e97269c66f45502055b"},
    {file = "smart_open-7.1.0.tar.gz", hash = "sha256:a4f09f84f0f6d3637c6543aca7b5487438877a21360e7368ccf1f704789752ba"},
]

[[package]]
name = "spacy"
version = "3.8.4"
requires_python = "<3.13,>=3.9"
summary = "Industrial-strength Natural Language Processing (NLP) in Python"
groups = ["default"]
dependencies = [
    "catalogue<2.1.0,>=2.0.6",
    "cymem<2.1.0,>=2.0.2",
    "jinja2",
    "langcodes<4.0.0,>=3.2.0",
    "murmurhash<1.1.0,>=0.28.0",
    "numpy>=1.15.0; python_version < \"3.9\"",
    "numpy>=1.19.0; python_version >= \"3.9\"",
    "packaging>=20.0",
    "preshed<3.1.0,>=3.0.2",
    "pydantic!=1.8,!=1.8.1,<3.0.0,>=1.7.4",
    "requests<3.0.0,>=2.13.0",
    "setuptools",
    "spacy-legacy<3.1.0,>=3.0.11",
    "spacy-loggers<2.0.0,>=1.0.0",
    "srsly<3.0.0,>=2.4.3",
    "thinc<8.4.0,>=8.3.4",
    "tqdm<5.0.0,>=4.38.0",
    "typer<1.0.0,>=0.3.0",
    "wasabi<1.2.0,>=0.9.1",
    "weasel<0.5.0,>=0.1.0",
]
files = [
    {file = "spacy-3.8.4-cp310-cp310-macosx_10_9_x86_64.whl", hash = "sha256:bbe074f58ac21156dab821b5a145f72c2a50933098bc371ab5a63f47e8ac5fc6"},
    {file = "spacy-3.8.4-cp310-cp310-macosx_11_0_arm64.whl", hash = "sha256:d0474188edcdad2be647df04cfdc4351dea877caf41bd8c93b36e3b9124794c7"},
    {file = "spacy-3.8.4-cp310-cp310-manylinux_2_17_x86_64.manylinux2014_x86_64.whl", hash = "sha256:94c589ba39dbd035a7205c05f6efa2b60bdd1faae0f5fc9c0d657eb903b885ac"},
    {file = "spacy-3.8.4-cp310-cp310-musllinux_1_2_x86_64.whl", hash = "sha256:17a758d53761b54c9500aca34cd27399730848dce2b74edf76a0893b5c711ed3"},
    {file = "spacy-3.8.4-cp310-cp310-win_amd64.whl", hash = "sha256:e34003ab0c8e447ec40f74f03b95fa018e8c81ef2fc067a2e8398edd96a6ab0a"},
]

[[package]]
name = "spacy-legacy"
version = "3.0.12"
requires_python = ">=3.6"
summary = "Legacy registered functions for spaCy backwards compatibility"
groups = ["default"]
files = [
    {file = "spacy-legacy-3.0.12.tar.gz", hash = "sha256:b37d6e0c9b6e1d7ca1cf5bc7152ab64a4c4671f59c85adaf7a3fcb870357a774"},
    {file = "spacy_legacy-3.0.12-py2.py3-none-any.whl", hash = "sha256:476e3bd0d05f8c339ed60f40986c07387c0a71479245d6d0f4298dbd52cda55f"},
]

[[package]]
name = "spacy-loggers"
version = "1.0.5"
requires_python = ">=3.6"
summary = "Logging utilities for SpaCy"
groups = ["default"]
files = [
    {file = "spacy-loggers-1.0.5.tar.gz", hash = "sha256:d60b0bdbf915a60e516cc2e653baeff946f0cfc461b452d11a4d5458c6fe5f24"},
    {file = "spacy_loggers-1.0.5-py3-none-any.whl", hash = "sha256:196284c9c446cc0cdb944005384270d775fdeaf4f494d8e269466cfa497ef645"},
]

[[package]]
name = "srsly"
version = "2.5.1"
requires_python = "<3.14,>=3.9"
summary = "Modern high-performance serialization utilities for Python"
groups = ["default"]
dependencies = [
    "catalogue<2.1.0,>=2.0.3",
]
files = [
    {file = "srsly-2.5.1-cp310-cp310-macosx_10_9_x86_64.whl", hash = "sha256:d0cda6f65cc0dd1daf47e856b0d6c5d51db8a9343c5007723ca06903dcfe367d"},
    {file = "srsly-2.5.1-cp310-cp310-macosx_11_0_arm64.whl", hash = "sha256:cf643e6f45c266cfacea54997a1f9cfe0113fadac1ac21a1ec5b200cfe477ba0"},
    {file = "srsly-2.5.1-cp310-cp310-manylinux_2_17_aarch64.manylinux2014_aarch64.whl", hash = "sha256:467ed25ddab09ca9404fda92519a317c803b5ea0849f846e74ba8b7843557df5"},
    {file = "srsly-2.5.1-cp310-cp310-manylinux_2_17_x86_64.manylinux2014_x86_64.whl", hash = "sha256:5f8113d202664b7d31025bdbe40b9d3536e8d7154d09520b6a1955818fa6d622"},
    {file = "srsly-2.5.1-cp310-cp310-musllinux_1_2_aarch64.whl", hash = "sha256:794d39fccd2b333d24f1b445acc78daf90f3f37d3c0f6f0167f25c56961804e7"},
    {file = "srsly-2.5.1-cp310-cp310-musllinux_1_2_x86_64.whl", hash = "sha256:df7fd77457c4d6c630f700b1019a8ad173e411e7cf7cfdea70e5ed86b608083b"},
    {file = "srsly-2.5.1-cp310-cp310-win_amd64.whl", hash = "sha256:1a4dddb2edb8f7974c9aa5ec46dc687a75215b3bbdc815ce3fc9ea68fe1e94b5"},
    {file = "srsly-2.5.1.tar.gz", hash = "sha256:ab1b4bf6cf3e29da23dae0493dd1517fb787075206512351421b89b4fc27c77e"},
]

[[package]]
name = "thinc"
version = "8.3.4"
requires_python = "<3.13,>=3.9"
summary = "A refreshing functional take on deep learning, compatible with your favorite libraries"
groups = ["default"]
dependencies = [
    "blis<1.3.0,>=1.2.0",
    "catalogue<2.1.0,>=2.0.4",
    "confection<1.0.0,>=0.0.1",
    "contextvars<3,>=2.4; python_version < \"3.7\"",
    "cymem<2.1.0,>=2.0.2",
    "dataclasses<1.0,>=0.6; python_version < \"3.7\"",
    "murmurhash<1.1.0,>=1.0.2",
    "numpy<3.0.0,>=1.19.0; python_version < \"3.9\"",
    "numpy<3.0.0,>=1.19.0; python_version >= \"3.9\"",
    "packaging>=20.0",
    "preshed<3.1.0,>=3.0.2",
    "pydantic!=1.8,!=1.8.1,<3.0.0,>=1.7.4",
    "setuptools",
    "srsly<3.0.0,>=2.4.0",
    "typing-extensions<5.0.0,>=3.7.4.1; python_version < \"3.8\"",
    "wasabi<1.2.0,>=0.8.1",
]
files = [
    {file = "thinc-8.3.4-cp310-cp310-macosx_10_9_x86_64.whl", hash = "sha256:916ea79a7c7462664be9435679b7769b4fc1ecea3886db6da6118e4eb5cc8c8b"},
    {file = "thinc-8.3.4-cp310-cp310-macosx_11_0_arm64.whl", hash = "sha256:6c985ce9cf82a611f4f348c721372d073537ca0e8b7bbb8bd865c1598ddd79d1"},
    {file = "thinc-8.3.4-cp310-cp310-manylinux_2_17_x86_64.manylinux2014_x86_64.whl", hash = "sha256:2fff4b30f8513832d13a31486e9074a7020de3d48f8a3d1527e369c242d6ebe9"},
    {file = "thinc-8.3.4-cp310-cp310-musllinux_1_2_x86_64.whl", hash = "sha256:a9ee46d19b9f4cac13a5539f97978c857338a31e4bf8d9b3a7741dcbc792220f"},
    {file = "thinc-8.3.4-cp310-cp310-win_amd64.whl", hash = "sha256:d08529d53f8652e15e4f3c0f6953e73f85cc71d3b6e4750d2d9ace23616dbe8f"},
    {file = "thinc-8.3.4.tar.gz", hash = "sha256:b5925482498bbb6dca0771e375b35c915818f735891e93d93a662dab15f6ffd8"},
]

[[package]]
name = "tqdm"
version = "4.67.1"
requires_python = ">=3.7"
summary = "Fast, Extensible Progress Meter"
groups = ["default"]
dependencies = [
    "colorama; platform_system == \"Windows\"",
]
files = [
    {file = "tqdm-4.67.1-py3-none-any.whl", hash = "sha256:26445eca388f82e72884e0d580d5464cd801a3ea01e63e5601bdff9ba6a48de2"},
    {file = "tqdm-4.67.1.tar.gz", hash = "sha256:f8aef9c52c08c13a65f30ea34f4e5aac3fd1a34959879d7e59e63027286627f2"},
]

[[package]]
name = "typer"
version = "0.15.1"
requires_python = ">=3.7"
summary = "Typer, build great CLIs. Easy to code. Based on Python type hints."
groups = ["default"]
dependencies = [
    "click>=8.0.0",
    "rich>=10.11.0",
    "shellingham>=1.3.0",
    "typing-extensions>=3.7.4.3",
]
files = [
    {file = "typer-0.15.1-py3-none-any.whl", hash = "sha256:7994fb7b8155b64d3402518560648446072864beefd44aa2dc36972a5972e847"},
    {file = "typer-0.15.1.tar.gz", hash = "sha256:a0588c0a7fa68a1978a069818657778f86abe6ff5ea6abf472f940a08bfe4f0a"},
]

[[package]]
name = "typing-extensions"
version = "4.12.2"
requires_python = ">=3.8"
summary = "Backported and Experimental Type Hints for Python 3.8+"
groups = ["default"]
files = [
    {file = "typing_extensions-4.12.2-py3-none-any.whl", hash = "sha256:04e5ca0351e0f3f85c6853954072df659d0d13fac324d0072316b67d7794700d"},
    {file = "typing_extensions-4.12.2.tar.gz", hash = "sha256:1a7ead55c7e559dd4dee8856e3a88b41225abfe1ce8df57b7c13915fe121ffb8"},
]

[[package]]
name = "tzdata"
version = "2025.1"
requires_python = ">=2"
summary = "Provider of IANA time zone data"
groups = ["default"]
files = [
    {file = "tzdata-2025.1-py2.py3-none-any.whl", hash = "sha256:7e127113816800496f027041c570f50bcd464a020098a3b6b199517772303639"},
    {file = "tzdata-2025.1.tar.gz", hash = "sha256:24894909e88cdb28bd1636c6887801df64cb485bd593f2fd83ef29075a81d694"},
]

[[package]]
name = "urllib3"
version = "2.3.0"
requires_python = ">=3.9"
summary = "HTTP library with thread-safe connection pooling, file post, and more."
groups = ["default"]
files = [
    {file = "urllib3-2.3.0-py3-none-any.whl", hash = "sha256:1cee9ad369867bfdbbb48b7dd50374c0967a0bb7710050facf0dd6911440e3df"},
    {file = "urllib3-2.3.0.tar.gz", hash = "sha256:f8c5449b3cf0861679ce7e0503c7b44b5ec981bec0d1d3795a07f1ba96f0204d"},
]

[[package]]
name = "wasabi"
version = "1.1.3"
requires_python = ">=3.6"
summary = "A lightweight console printing and formatting toolkit"
groups = ["default"]
dependencies = [
    "colorama>=0.4.6; sys_platform == \"win32\" and python_version >= \"3.7\"",
    "typing-extensions<5.0.0,>=3.7.4.1; python_version < \"3.8\"",
]
files = [
    {file = "wasabi-1.1.3-py3-none-any.whl", hash = "sha256:f76e16e8f7e79f8c4c8be49b4024ac725713ab10cd7f19350ad18a8e3f71728c"},
    {file = "wasabi-1.1.3.tar.gz", hash = "sha256:4bb3008f003809db0c3e28b4daf20906ea871a2bb43f9914197d540f4f2e0878"},
]

[[package]]
name = "weasel"
version = "0.4.1"
requires_python = ">=3.7"
summary = "Weasel: A small and easy workflow system"
groups = ["default"]
dependencies = [
    "cloudpathlib<1.0.0,>=0.7.0",
    "confection<0.2.0,>=0.0.4",
    "packaging>=20.0",
    "pydantic!=1.8,!=1.8.1,<3.0.0,>=1.7.4",
    "requests<3.0.0,>=2.13.0",
    "smart-open<8.0.0,>=5.2.1",
    "srsly<3.0.0,>=2.4.3",
    "typer<1.0.0,>=0.3.0",
    "wasabi<1.2.0,>=0.9.1",
]
files = [
    {file = "weasel-0.4.1-py3-none-any.whl", hash = "sha256:24140a090ea1ac512a2b2f479cc64192fd1d527a7f3627671268d08ed5ac418c"},
    {file = "weasel-0.4.1.tar.gz", hash = "sha256:aabc210f072e13f6744e5c3a28037f93702433405cd35673f7c6279147085aa9"},
]

[[package]]
name = "wrapt"
version = "1.17.2"
requires_python = ">=3.8"
summary = "Module for decorators, wrappers and monkey patching."
groups = ["default"]
files = [
    {file = "wrapt-1.17.2-cp310-cp310-macosx_10_9_universal2.whl", hash = "sha256:3d57c572081fed831ad2d26fd430d565b76aa277ed1d30ff4d40670b1c0dd984"},
    {file = "wrapt-1.17.2-cp310-cp310-macosx_10_9_x86_64.whl", hash = "sha256:b5e251054542ae57ac7f3fba5d10bfff615b6c2fb09abeb37d2f1463f841ae22"},
    {file = "wrapt-1.17.2-cp310-cp310-macosx_11_0_arm64.whl", hash = "sha256:80dd7db6a7cb57ffbc279c4394246414ec99537ae81ffd702443335a61dbf3a7"},
    {file = "wrapt-1.17.2-cp310-cp310-manylinux_2_17_aarch64.manylinux2014_aarch64.whl", hash = "sha256:0a6e821770cf99cc586d33833b2ff32faebdbe886bd6322395606cf55153246c"},
    {file = "wrapt-1.17.2-cp310-cp310-manylinux_2_5_i686.manylinux1_i686.manylinux_2_17_i686.manylinux2014_i686.whl", hash = "sha256:b60fb58b90c6d63779cb0c0c54eeb38941bae3ecf7a73c764c52c88c2dcb9d72"},
    {file = "wrapt-1.17.2-cp310-cp310-manylinux_2_5_x86_64.manylinux1_x86_64.manylinux_2_17_x86_64.manylinux2014_x86_64.whl", hash = "sha256:b870b5df5b71d8c3359d21be8f0d6c485fa0ebdb6477dda51a1ea54a9b558061"},
    {file = "wrapt-1.17.2-cp310-cp310-musllinux_1_2_aarch64.whl", hash = "sha256:4011d137b9955791f9084749cba9a367c68d50ab8d11d64c50ba1688c9b457f2"},
    {file = "wrapt-1.17.2-cp310-cp310-musllinux_1_2_i686.whl", hash = "sha256:1473400e5b2733e58b396a04eb7f35f541e1fb976d0c0724d0223dd607e0f74c"},
    {file = "wrapt-1.17.2-cp310-cp310-musllinux_1_2_x86_64.whl", hash = "sha256:3cedbfa9c940fdad3e6e941db7138e26ce8aad38ab5fe9dcfadfed9db7a54e62"},
    {file = "wrapt-1.17.2-cp310-cp310-win32.whl", hash = "sha256:582530701bff1dec6779efa00c516496968edd851fba224fbd86e46cc6b73563"},
    {file = "wrapt-1.17.2-cp310-cp310-win_amd64.whl", hash = "sha256:58705da316756681ad3c9c73fd15499aa4d8c69f9fd38dc8a35e06c12468582f"},
    {file = "wrapt-1.17.2-py3-none-any.whl", hash = "sha256:b18f2d1533a71f069c7f82d524a52599053d4c7166e9dd374ae2136b7f40f7c8"},
    {file = "wrapt-1.17.2.tar.gz", hash = "sha256:41388e9d4d1522446fe79d3213196bd9e3b301a336965b9e27ca2788ebd122f3"},
]
